// !$*UTF8*$!
{
	archiveVersion = 1;
	classes = {
	};
	objectVersion = 50;
	objects = {

/* Begin PBXBuildFile section */
		9117C7A520C4EC56001524C0 /* AppDelegate.swift in Sources */ = {isa = PBXBuildFile; fileRef = 9117C7A420C4EC56001524C0 /* AppDelegate.swift */; };
		9117C7A720C4EC56001524C0 /* ViewController.swift in Sources */ = {isa = PBXBuildFile; fileRef = 9117C7A620C4EC56001524C0 /* ViewController.swift */; };
		9117C7AA20C4EC56001524C0 /* Main.storyboard in Resources */ = {isa = PBXBuildFile; fileRef = 9117C7A820C4EC56001524C0 /* Main.storyboard */; };
		9117C7AC20C4EC57001524C0 /* Assets.xcassets in Resources */ = {isa = PBXBuildFile; fileRef = 9117C7AB20C4EC57001524C0 /* Assets.xcassets */; };
		9117C7AF20C4EC57001524C0 /* LaunchScreen.storyboard in Resources */ = {isa = PBXBuildFile; fileRef = 9117C7AD20C4EC57001524C0 /* LaunchScreen.storyboard */; };
		9117C7B720C52F3B001524C0 /* ActivityIndicator.swift in Sources */ = {isa = PBXBuildFile; fileRef = 9117C7B620C52F3B001524C0 /* ActivityIndicator.swift */; };
		D366B55B88CFEC4901043ECE /* Pods_errorOnNil.framework in Frameworks */ = {isa = PBXBuildFile; fileRef = 9E1856709122735CBE9F109F /* Pods_errorOnNil.framework */; };
/* End PBXBuildFile section */

/* Begin PBXFileReference section */
		439AC8CF52FA090A2AC852A0 /* Pods-errorOnNil.debug.xcconfig */ = {isa = PBXFileReference; includeInIndex = 1; lastKnownFileType = text.xcconfig; name = "Pods-errorOnNil.debug.xcconfig"; path = "Pods/Target Support Files/Pods-errorOnNil/Pods-errorOnNil.debug.xcconfig"; sourceTree = "<group>"; };
		86A56089B74D710C9A5C469C /* Pods-errorOnNil.release.xcconfig */ = {isa = PBXFileReference; includeInIndex = 1; lastKnownFileType = text.xcconfig; name = "Pods-errorOnNil.release.xcconfig"; path = "Pods/Target Support Files/Pods-errorOnNil/Pods-errorOnNil.release.xcconfig"; sourceTree = "<group>"; };
		9117C7A120C4EC56001524C0 /* errorOnNil.app */ = {isa = PBXFileReference; explicitFileType = wrapper.application; includeInIndex = 0; path = errorOnNil.app; sourceTree = BUILT_PRODUCTS_DIR; };
		9117C7A420C4EC56001524C0 /* AppDelegate.swift */ = {isa = PBXFileReference; lastKnownFileType = sourcecode.swift; path = AppDelegate.swift; sourceTree = "<group>"; };
		9117C7A620C4EC56001524C0 /* ViewController.swift */ = {isa = PBXFileReference; lastKnownFileType = sourcecode.swift; path = ViewController.swift; sourceTree = "<group>"; };
		9117C7A920C4EC56001524C0 /* Base */ = {isa = PBXFileReference; lastKnownFileType = file.storyboard; name = Base; path = Base.lproj/Main.storyboard; sourceTree = "<group>"; };
		9117C7AB20C4EC57001524C0 /* Assets.xcassets */ = {isa = PBXFileReference; lastKnownFileType = folder.assetcatalog; path = Assets.xcassets; sourceTree = "<group>"; };
		9117C7AE20C4EC57001524C0 /* Base */ = {isa = PBXFileReference; lastKnownFileType = file.storyboard; name = Base; path = Base.lproj/LaunchScreen.storyboard; sourceTree = "<group>"; };
		9117C7B020C4EC57001524C0 /* Info.plist */ = {isa = PBXFileReference; lastKnownFileType = text.plist.xml; path = Info.plist; sourceTree = "<group>"; };
		9117C7B620C52F3B001524C0 /* ActivityIndicator.swift */ = {isa = PBXFileReference; fileEncoding = 4; lastKnownFileType = sourcecode.swift; path = ActivityIndicator.swift; sourceTree = "<group>"; };
		9E1856709122735CBE9F109F /* Pods_errorOnNil.framework */ = {isa = PBXFileReference; explicitFileType = wrapper.framework; includeInIndex = 0; path = Pods_errorOnNil.framework; sourceTree = BUILT_PRODUCTS_DIR; };
/* End PBXFileReference section */

/* Begin PBXFrameworksBuildPhase section */
		9117C79E20C4EC56001524C0 /* Frameworks */ = {
			isa = PBXFrameworksBuildPhase;
			buildActionMask = 2147483647;
			files = (
				D366B55B88CFEC4901043ECE /* Pods_errorOnNil.framework in Frameworks */,
			);
			runOnlyForDeploymentPostprocessing = 0;
		};
/* End PBXFrameworksBuildPhase section */

/* Begin PBXGroup section */
		34CCC9BF9ADF431E9BCD408B /* Frameworks */ = {
			isa = PBXGroup;
			children = (
				9E1856709122735CBE9F109F /* Pods_errorOnNil.framework */,
			);
			name = Frameworks;
			sourceTree = "<group>";
		};
		9117C79820C4EC56001524C0 = {
			isa = PBXGroup;
			children = (
				9117C7A320C4EC56001524C0 /* errorOnNil */,
				9117C7A220C4EC56001524C0 /* Products */,
				DBA0F5DDD1A7A12A5741145B /* Pods */,
				34CCC9BF9ADF431E9BCD408B /* Frameworks */,
			);
			sourceTree = "<group>";
		};
		9117C7A220C4EC56001524C0 /* Products */ = {
			isa = PBXGroup;
			children = (
				9117C7A120C4EC56001524C0 /* errorOnNil.app */,
			);
			name = Products;
			sourceTree = "<group>";
		};
		9117C7A320C4EC56001524C0 /* errorOnNil */ = {
			isa = PBXGroup;
			children = (
				9117C7B620C52F3B001524C0 /* ActivityIndicator.swift */,
				9117C7A420C4EC56001524C0 /* AppDelegate.swift */,
				9117C7A620C4EC56001524C0 /* ViewController.swift */,
				9117C7A820C4EC56001524C0 /* Main.storyboard */,
				9117C7AB20C4EC57001524C0 /* Assets.xcassets */,
				9117C7AD20C4EC57001524C0 /* LaunchScreen.storyboard */,
				9117C7B020C4EC57001524C0 /* Info.plist */,
			);
			path = errorOnNil;
			sourceTree = "<group>";
		};
		DBA0F5DDD1A7A12A5741145B /* Pods */ = {
			isa = PBXGroup;
			children = (
				439AC8CF52FA090A2AC852A0 /* Pods-errorOnNil.debug.xcconfig */,
				86A56089B74D710C9A5C469C /* Pods-errorOnNil.release.xcconfig */,
			);
			name = Pods;
			sourceTree = "<group>";
		};
/* End PBXGroup section */

/* Begin PBXNativeTarget section */
		9117C7A020C4EC56001524C0 /* errorOnNil */ = {
			isa = PBXNativeTarget;
			buildConfigurationList = 9117C7B320C4EC57001524C0 /* Build configuration list for PBXNativeTarget "errorOnNil" */;
			buildPhases = (
				EFBD14B4E24BA33EAB5C809C /* [CP] Check Pods Manifest.lock */,
				9117C79D20C4EC56001524C0 /* Sources */,
				9117C79E20C4EC56001524C0 /* Frameworks */,
				9117C79F20C4EC56001524C0 /* Resources */,
				F7A04E73EAB66B242C331991 /* [CP] Embed Pods Frameworks */,
			);
			buildRules = (
			);
			dependencies = (
			);
			name = errorOnNil;
			productName = errorOnNil;
			productReference = 9117C7A120C4EC56001524C0 /* errorOnNil.app */;
			productType = "com.apple.product-type.application";
		};
/* End PBXNativeTarget section */

/* Begin PBXProject section */
		9117C79920C4EC56001524C0 /* Project object */ = {
			isa = PBXProject;
			attributes = {
				LastSwiftUpdateCheck = 0940;
				LastUpgradeCheck = 0940;
				ORGANIZATIONNAME = DianQK;
				TargetAttributes = {
					9117C7A020C4EC56001524C0 = {
						CreatedOnToolsVersion = 9.4;
					};
				};
			};
			buildConfigurationList = 9117C79C20C4EC56001524C0 /* Build configuration list for PBXProject "errorOnNil" */;
			compatibilityVersion = "Xcode 9.3";
			developmentRegion = en;
			hasScannedForEncodings = 0;
			knownRegions = (
				en,
				Base,
			);
			mainGroup = 9117C79820C4EC56001524C0;
			productRefGroup = 9117C7A220C4EC56001524C0 /* Products */;
			projectDirPath = "";
			projectRoot = "";
			targets = (
				9117C7A020C4EC56001524C0 /* errorOnNil */,
			);
		};
/* End PBXProject section */

/* Begin PBXResourcesBuildPhase section */
		9117C79F20C4EC56001524C0 /* Resources */ = {
			isa = PBXResourcesBuildPhase;
			buildActionMask = 2147483647;
			files = (
				9117C7AF20C4EC57001524C0 /* LaunchScreen.storyboard in Resources */,
				9117C7AC20C4EC57001524C0 /* Assets.xcassets in Resources */,
				9117C7AA20C4EC56001524C0 /* Main.storyboard in Resources */,
			);
			runOnlyForDeploymentPostprocessing = 0;
		};
/* End PBXResourcesBuildPhase section */

/* Begin PBXShellScriptBuildPhase section */
		EFBD14B4E24BA33EAB5C809C /* [CP] Check Pods Manifest.lock */ = {
			isa = PBXShellScriptBuildPhase;
			buildActionMask = 2147483647;
			files = (
			);
			inputPaths = (
				"${PODS_PODFILE_DIR_PATH}/Podfile.lock",
				"${PODS_ROOT}/Manifest.lock",
			);
			name = "[CP] Check Pods Manifest.lock";
			outputPaths = (
				"$(DERIVED_FILE_DIR)/Pods-errorOnNil-checkManifestLockResult.txt",
			);
			runOnlyForDeploymentPostprocessing = 0;
			shellPath = /bin/sh;
			shellScript = "diff \"${PODS_PODFILE_DIR_PATH}/Podfile.lock\" \"${PODS_ROOT}/Manifest.lock\" > /dev/null\nif [ $? != 0 ] ; then\n    # print error to STDERR\n    echo \"error: The sandbox is not in sync with the Podfile.lock. Run 'pod install' or update your CocoaPods installation.\" >&2\n    exit 1\nfi\n# This output is used by Xcode 'outputs' to avoid re-running this script phase.\necho \"SUCCESS\" > \"${SCRIPT_OUTPUT_FILE_0}\"\n";
			showEnvVarsInLog = 0;
		};
		F7A04E73EAB66B242C331991 /* [CP] Embed Pods Frameworks */ = {
			isa = PBXShellScriptBuildPhase;
			buildActionMask = 2147483647;
			files = (
			);
			inputPaths = (
				"${SRCROOT}/Pods/Target Support Files/Pods-errorOnNil/Pods-errorOnNil-frameworks.sh",
				"${BUILT_PRODUCTS_DIR}/Differentiator/Differentiator.framework",
				"${BUILT_PRODUCTS_DIR}/Flix/Flix.framework",
				"${BUILT_PRODUCTS_DIR}/RxCocoa/RxCocoa.framework",
				"${BUILT_PRODUCTS_DIR}/RxDataSources/RxDataSources.framework",
				"${BUILT_PRODUCTS_DIR}/RxOptional/RxOptional.framework",
				"${BUILT_PRODUCTS_DIR}/RxSwift/RxSwift.framework",
			);
			name = "[CP] Embed Pods Frameworks";
			outputPaths = (
				"${TARGET_BUILD_DIR}/${FRAMEWORKS_FOLDER_PATH}/Differentiator.framework",
				"${TARGET_BUILD_DIR}/${FRAMEWORKS_FOLDER_PATH}/Flix.framework",
				"${TARGET_BUILD_DIR}/${FRAMEWORKS_FOLDER_PATH}/RxCocoa.framework",
				"${TARGET_BUILD_DIR}/${FRAMEWORKS_FOLDER_PATH}/RxDataSources.framework",
				"${TARGET_BUILD_DIR}/${FRAMEWORKS_FOLDER_PATH}/RxOptional.framework",
				"${TARGET_BUILD_DIR}/${FRAMEWORKS_FOLDER_PATH}/RxSwift.framework",
			);
			runOnlyForDeploymentPostprocessing = 0;
			shellPath = /bin/sh;
			shellScript = "\"${SRCROOT}/Pods/Target Support Files/Pods-errorOnNil/Pods-errorOnNil-frameworks.sh\"\n";
			showEnvVarsInLog = 0;
		};
/* End PBXShellScriptBuildPhase section */

/* Begin PBXSourcesBuildPhase section */
		9117C79D20C4EC56001524C0 /* Sources */ = {
			isa = PBXSourcesBuildPhase;
			buildActionMask = 2147483647;
			files = (
				9117C7A720C4EC56001524C0 /* ViewController.swift in Sources */,
				9117C7B720C52F3B001524C0 /* ActivityIndicator.swift in Sources */,
				9117C7A520C4EC56001524C0 /* AppDelegate.swift in Sources */,
			);
			runOnlyForDeploymentPostprocessing = 0;
		};
/* End PBXSourcesBuildPhase section */

/* Begin PBXVariantGroup section */
		9117C7A820C4EC56001524C0 /* Main.storyboard */ = {
			isa = PBXVariantGroup;
			children = (
				9117C7A920C4EC56001524C0 /* Base */,
			);
			name = Main.storyboard;
			sourceTree = "<group>";
		};
		9117C7AD20C4EC57001524C0 /* LaunchScreen.storyboard */ = {
			isa = PBXVariantGroup;
			children = (
				9117C7AE20C4EC57001524C0 /* Base */,
			);
			name = LaunchScreen.storyboard;
			sourceTree = "<group>";
		};
/* End PBXVariantGroup section */

/* Begin XCBuildConfiguration section */
		9117C7B120C4EC57001524C0 /* Debug */ = {
			isa = XCBuildConfiguration;
			buildSettings = {
				ALWAYS_SEARCH_USER_PATHS = NO;
				CLANG_ANALYZER_NONNULL = YES;
				CLANG_ANALYZER_NUMBER_OBJECT_CONVERSION = YES_AGGRESSIVE;
				CLANG_CXX_LANGUAGE_STANDARD = "gnu++14";
				CLANG_CXX_LIBRARY = "libc++";
				CLANG_ENABLE_MODULES = YES;
				CLANG_ENABLE_OBJC_ARC = YES;
				CLANG_ENABLE_OBJC_WEAK = YES;
				CLANG_WARN_BLOCK_CAPTURE_AUTORELEASING = YES;
				CLANG_WARN_BOOL_CONVERSION = YES;
				CLANG_WARN_COMMA = YES;
				CLANG_WARN_CONSTANT_CONVERSION = YES;
				CLANG_WARN_DEPRECATED_OBJC_IMPLEMENTATIONS = YES;
				CLANG_WARN_DIRECT_OBJC_ISA_USAGE = YES_ERROR;
				CLANG_WARN_DOCUMENTATION_COMMENTS = YES;
				CLANG_WARN_EMPTY_BODY = YES;
				CLANG_WARN_ENUM_CONVERSION = YES;
				CLANG_WARN_INFINITE_RECURSION = YES;
				CLANG_WARN_INT_CONVERSION = YES;
				CLANG_WARN_NON_LITERAL_NULL_CONVERSION = YES;
				CLANG_WARN_OBJC_IMPLICIT_RETAIN_SELF = YES;
				CLANG_WARN_OBJC_LITERAL_CONVERSION = YES;
				CLANG_WARN_OBJC_ROOT_CLASS = YES_ERROR;
				CLANG_WARN_RANGE_LOOP_ANALYSIS = YES;
				CLANG_WARN_STRICT_PROTOTYPES = YES;
				CLANG_WARN_SUSPICIOUS_MOVE = YES;
				CLANG_WARN_UNGUARDED_AVAILABILITY = YES_AGGRESSIVE;
				CLANG_WARN_UNREACHABLE_CODE = YES;
				CLANG_WARN__DUPLICATE_METHOD_MATCH = YES;
				CODE_SIGN_IDENTITY = "iPhone Developer";
				COPY_PHASE_STRIP = NO;
				DEBUG_INFORMATION_FORMAT = dwarf;
				ENABLE_STRICT_OBJC_MSGSEND = YES;
				ENABLE_TESTABILITY = YES;
				GCC_C_LANGUAGE_STANDARD = gnu11;
				GCC_DYNAMIC_NO_PIC = NO;
				GCC_NO_COMMON_BLOCKS = YES;
				GCC_OPTIMIZATION_LEVEL = 0;
				GCC_PREPROCESSOR_DEFINITIONS = (
					"DEBUG=1",
					"$(inherited)",
				);
				GCC_WARN_64_TO_32_BIT_CONVERSION = YES;
				GCC_WARN_ABOUT_RETURN_TYPE = YES_ERROR;
				GCC_WARN_UNDECLARED_SELECTOR = YES;
				GCC_WARN_UNINITIALIZED_AUTOS = YES_AGGRESSIVE;
				GCC_WARN_UNUSED_FUNCTION = YES;
				GCC_WARN_UNUSED_VARIABLE = YES;
				IPHONEOS_DEPLOYMENT_TARGET = 11.4;
				MTL_ENABLE_DEBUG_INFO = YES;
				ONLY_ACTIVE_ARCH = YES;
				SDKROOT = iphoneos;
				SWIFT_ACTIVE_COMPILATION_CONDITIONS = DEBUG;
				SWIFT_OPTIMIZATION_LEVEL = "-Onone";
			};
			name = Debug;
		};
		9117C7B220C4EC57001524C0 /* Release */ = {
			isa = XCBuildConfiguration;
			buildSettings = {
				ALWAYS_SEARCH_USER_PATHS = NO;
				CLANG_ANALYZER_NONNULL = YES;
				CLANG_ANALYZER_NUMBER_OBJECT_CONVERSION = YES_AGGRESSIVE;
				CLANG_CXX_LANGUAGE_STANDARD = "gnu++14";
				CLANG_CXX_LIBRARY = "libc++";
				CLANG_ENABLE_MODULES = YES;
				CLANG_ENABLE_OBJC_ARC = YES;
				CLANG_ENABLE_OBJC_WEAK = YES;
				CLANG_WARN_BLOCK_CAPTURE_AUTORELEASING = YES;
				CLANG_WARN_BOOL_CONVERSION = YES;
				CLANG_WARN_COMMA = YES;
				CLANG_WARN_CONSTANT_CONVERSION = YES;
				CLANG_WARN_DEPRECATED_OBJC_IMPLEMENTATIONS = YES;
				CLANG_WARN_DIRECT_OBJC_ISA_USAGE = YES_ERROR;
				CLANG_WARN_DOCUMENTATION_COMMENTS = YES;
				CLANG_WARN_EMPTY_BODY = YES;
				CLANG_WARN_ENUM_CONVERSION = YES;
				CLANG_WARN_INFINITE_RECURSION = YES;
				CLANG_WARN_INT_CONVERSION = YES;
				CLANG_WARN_NON_LITERAL_NULL_CONVERSION = YES;
				CLANG_WARN_OBJC_IMPLICIT_RETAIN_SELF = YES;
				CLANG_WARN_OBJC_LITERAL_CONVERSION = YES;
				CLANG_WARN_OBJC_ROOT_CLASS = YES_ERROR;
				CLANG_WARN_RANGE_LOOP_ANALYSIS = YES;
				CLANG_WARN_STRICT_PROTOTYPES = YES;
				CLANG_WARN_SUSPICIOUS_MOVE = YES;
				CLANG_WARN_UNGUARDED_AVAILABILITY = YES_AGGRESSIVE;
				CLANG_WARN_UNREACHABLE_CODE = YES;
				CLANG_WARN__DUPLICATE_METHOD_MATCH = YES;
				CODE_SIGN_IDENTITY = "iPhone Developer";
				COPY_PHASE_STRIP = NO;
				DEBUG_INFORMATION_FORMAT = "dwarf-with-dsym";
				ENABLE_NS_ASSERTIONS = NO;
				ENABLE_STRICT_OBJC_MSGSEND = YES;
				GCC_C_LANGUAGE_STANDARD = gnu11;
				GCC_NO_COMMON_BLOCKS = YES;
				GCC_WARN_64_TO_32_BIT_CONVERSION = YES;
				GCC_WARN_ABOUT_RETURN_TYPE = YES_ERROR;
				GCC_WARN_UNDECLARED_SELECTOR = YES;
				GCC_WARN_UNINITIALIZED_AUTOS = YES_AGGRESSIVE;
				GCC_WARN_UNUSED_FUNCTION = YES;
				GCC_WARN_UNUSED_VARIABLE = YES;
				IPHONEOS_DEPLOYMENT_TARGET = 11.4;
				MTL_ENABLE_DEBUG_INFO = NO;
				SDKROOT = iphoneos;
				SWIFT_COMPILATION_MODE = wholemodule;
				SWIFT_OPTIMIZATION_LEVEL = "-O";
				VALIDATE_PRODUCT = YES;
			};
			name = Release;
		};
		9117C7B420C4EC57001524C0 /* Debug */ = {
			isa = XCBuildConfiguration;
			baseConfigurationReference = 439AC8CF52FA090A2AC852A0 /* Pods-errorOnNil.debug.xcconfig */;
			buildSettings = {
				ASSETCATALOG_COMPILER_APPICON_NAME = AppIcon;
				CODE_SIGN_IDENTITY = "iPhone Developer";
				CODE_SIGN_STYLE = Automatic;
				DEVELOPMENT_TEAM = HY634B3FW2;
				INFOPLIST_FILE = errorOnNil/Info.plist;
				LD_RUNPATH_SEARCH_PATHS = (
					"$(inherited)",
					"@executable_path/Frameworks",
				);
				PRODUCT_BUNDLE_IDENTIFIER = org.dianqk.errorOnNil;
				PRODUCT_NAME = "$(TARGET_NAME)";
				PROVISIONING_PROFILE_SPECIFIER = "";
				SWIFT_VERSION = 4.0;
				TARGETED_DEVICE_FAMILY = "1,2";
			};
			name = Debug;
		};
		9117C7B520C4EC57001524C0 /* Release */ = {
			isa = XCBuildConfiguration;
			baseConfigurationReference = 86A56089B74D710C9A5C469C /* Pods-errorOnNil.release.xcconfig */;
			buildSettings = {
				ASSETCATALOG_COMPILER_APPICON_NAME = AppIcon;
				CODE_SIGN_IDENTITY = "iPhone Developer";
				CODE_SIGN_STYLE = Automatic;
				DEVELOPMENT_TEAM = HY634B3FW2;
				INFOPLIST_FILE = errorOnNil/Info.plist;
				LD_RUNPATH_SEARCH_PATHS = (
					"$(inherited)",
					"@executable_path/Frameworks",
				);
				PRODUCT_BUNDLE_IDENTIFIER = org.dianqk.errorOnNil;
				PRODUCT_NAME = "$(TARGET_NAME)";
				PROVISIONING_PROFILE_SPECIFIER = "";
				SWIFT_VERSION = 4.0;
				TARGETED_DEVICE_FAMILY = "1,2";
			};
			name = Release;
		};
/* End XCBuildConfiguration section */

/* Begin XCConfigurationList section */
		9117C79C20C4EC56001524C0 /* Build configuration list for PBXProject "errorOnNil" */ = {
			isa = XCConfigurationList;
			buildConfigurations = (
				9117C7B120C4EC57001524C0 /* Debug */,
				9117C7B220C4EC57001524C0 /* Release */,
			);
			defaultConfigurationIsVisible = 0;
			defaultConfigurationName = Release;
		};
		9117C7B320C4EC57001524C0 /* Build configuration list for PBXNativeTarget "errorOnNil" */ = {
			isa = XCConfigurationList;
			buildConfigurations = (
				9117C7B420C4EC57001524C0 /* Debug */,
				9117C7B520C4EC57001524C0 /* Release */,
			);
			defaultConfigurationIsVisible = 0;
			defaultConfigurationName = Release;
		};
/* End XCConfigurationList section */
	};
	rootObject = 9117C79920C4EC56001524C0 /* Project object */;
}
